
Microsoft Visual Studio Solution File, Format Version 12.00
Project("{FAE04EC0-301F-11D3-BF4B-00C04F79EFBC}") = "Day1", "Day1\Day1.csproj", "{E51D1A2E-5143-4811-A132-1E375A23A257}"
EndProject
Project("{FAE04EC0-301F-11D3-BF4B-00C04F79EFBC}") = "Utils", "Utils\Utils.csproj", "{ED0C1FD9-FF9F-4E2E-9E85-FE127B3C60DB}"
EndProject
Project("{FAE04EC0-301F-11D3-BF4B-00C04F79EFBC}") = "Day2", "Day2\Day2.csproj", "{EB12BAE7-EE30-463A-8AE2-69531763399B}"
EndProject
Project("{FAE04EC0-301F-11D3-BF4B-00C04F79EFBC}") = "Day3", "Day3\Day3.csproj", "{CCAA108E-5168-4B5B-8165-F26358FE9110}"
EndProject
Project("{FAE04EC0-301F-11D3-BF4B-00C04F79EFBC}") = "Day4", "Day4\Day4.csproj", "{0E596117-18FD-4B04-A70E-66C4E7D327AD}"
EndProject
Global
	GlobalSection(SolutionConfigurationPlatforms) = preSolution
		Debug|Any CPU = Debug|Any CPU
		Release|Any CPU = Release|Any CPU
	EndGlobalSection
	GlobalSection(ProjectConfigurationPlatforms) = postSolution
		{E51D1A2E-5143-4811-A132-1E375A23A257}.Debug|Any CPU.ActiveCfg = Debug|Any CPU
		{E51D1A2E-5143-4811-A132-1E375A23A257}.Debug|Any CPU.Build.0 = Debug|Any CPU
		{E51D1A2E-5143-4811-A132-1E375A23A257}.Release|Any CPU.ActiveCfg = Release|Any CPU
		{E51D1A2E-5143-4811-A132-1E375A23A257}.Release|Any CPU.Build.0 = Release|Any CPU
		{ED0C1FD9-FF9F-4E2E-9E85-FE127B3C60DB}.Debug|Any CPU.ActiveCfg = Debug|Any CPU
		{ED0C1FD9-FF9F-4E2E-9E85-FE127B3C60DB}.Debug|Any CPU.Build.0 = Debug|Any CPU
		{ED0C1FD9-FF9F-4E2E-9E85-FE127B3C60DB}.Release|Any CPU.ActiveCfg = Release|Any CPU
		{ED0C1FD9-FF9F-4E2E-9E85-FE127B3C60DB}.Release|Any CPU.Build.0 = Release|Any CPU
		{EB12BAE7-EE30-463A-8AE2-69531763399B}.Debug|Any CPU.ActiveCfg = Debug|Any CPU
		{EB12BAE7-EE30-463A-8AE2-69531763399B}.Debug|Any CPU.Build.0 = Debug|Any CPU
		{EB12BAE7-EE30-463A-8AE2-69531763399B}.Release|Any CPU.ActiveCfg = Release|Any CPU
		{EB12BAE7-EE30-463A-8AE2-69531763399B}.Release|Any CPU.Build.0 = Release|Any CPU
		{CCAA108E-5168-4B5B-8165-F26358FE9110}.Debug|Any CPU.ActiveCfg = Debug|Any CPU
		{CCAA108E-5168-4B5B-8165-F26358FE9110}.Debug|Any CPU.Build.0 = Debug|Any CPU
		{CCAA108E-5168-4B5B-8165-F26358FE9110}.Release|Any CPU.ActiveCfg = Release|Any CPU
		{CCAA108E-5168-4B5B-8165-F26358FE9110}.Release|Any CPU.Build.0 = Release|Any CPU
		{0E596117-18FD-4B04-A70E-66C4E7D327AD}.Debug|Any CPU.ActiveCfg = Debug|Any CPU
		{0E596117-18FD-4B04-A70E-66C4E7D327AD}.Debug|Any CPU.Build.0 = Debug|Any CPU
		{0E596117-18FD-4B04-A70E-66C4E7D327AD}.Release|Any CPU.ActiveCfg = Release|Any CPU
		{0E596117-18FD-4B04-A70E-66C4E7D327AD}.Release|Any CPU.Build.0 = Release|Any CPU
	EndGlobalSection
EndGlobal
