
Microsoft Visual Studio Solution File, Format Version 12.00
Project("{FAE04EC0-301F-11D3-BF4B-00C04F79EFBC}") = "Day1", "Day1\Day1.csproj", "{E51D1A2E-5143-4811-A132-1E375A23A257}"
EndProject
Project("{FAE04EC0-301F-11D3-BF4B-00C04F79EFBC}") = "Utils", "Utils\Utils.csproj", "{ED0C1FD9-FF9F-4E2E-9E85-FE127B3C60DB}"
EndProject
Project("{FAE04EC0-301F-11D3-BF4B-00C04F79EFBC}") = "Day2", "Day2\Day2.csproj", "{EB12BAE7-EE30-463A-8AE2-69531763399B}"
EndProject
Project("{FAE04EC0-301F-11D3-BF4B-00C04F79EFBC}") = "Day3", "Day3\Day3.csproj", "{CCAA108E-5168-4B5B-8165-F26358FE9110}"
EndProject
Project("{FAE04EC0-301F-11D3-BF4B-00C04F79EFBC}") = "Day4", "Day4\Day4.csproj", "{0E596117-18FD-4B04-A70E-66C4E7D327AD}"
EndProject
Project("{FAE04EC0-301F-11D3-BF4B-00C04F79EFBC}") = "Day5", "Day5\Day5.csproj", "{1B7CD58E-FCD1-4E47-A6EC-ECFA4DE55DDF}"
EndProject
Project("{FAE04EC0-301F-11D3-BF4B-00C04F79EFBC}") = "Day6", "Day6\Day6.csproj", "{B9B2D465-ECA4-4DFC-9762-51155285C509}"
EndProject
Project("{FAE04EC0-301F-11D3-BF4B-00C04F79EFBC}") = "Day7", "Day7\Day7.csproj", "{998FD66E-0142-4416-BA3C-780D1D914941}"
EndProject
Project("{FAE04EC0-301F-11D3-BF4B-00C04F79EFBC}") = "Day8", "Day8\Day8.csproj", "{99C5AFF9-73E7-46A3-BB29-E29279A98433}"
EndProject
Project("{FAE04EC0-301F-11D3-BF4B-00C04F79EFBC}") = "Day9", "Day9\Day9.csproj", "{41302562-8B7C-4258-A66E-1195A4384EE9}"
EndProject
Project("{FAE04EC0-301F-11D3-BF4B-00C04F79EFBC}") = "Day10", "Day10\Day10.csproj", "{18226DE4-A96B-44B4-91AC-35A8AC0A8ADC}"
EndProject
Project("{FAE04EC0-301F-11D3-BF4B-00C04F79EFBC}") = "Day11", "Day11\Day11.csproj", "{5AC5D261-948C-4F9B-9DC2-E29FE0452336}"
EndProject
Project("{FAE04EC0-301F-11D3-BF4B-00C04F79EFBC}") = "Day12", "Day12\Day12.csproj", "{568D4B16-E160-4979-B237-116821A088C8}"
EndProject
Project("{FAE04EC0-301F-11D3-BF4B-00C04F79EFBC}") = "Day13", "Day13\Day13.csproj", "{9E084647-A6AD-4A8E-B7AD-8398C0FB1669}"
EndProject
Global
	GlobalSection(SolutionConfigurationPlatforms) = preSolution
		Debug|Any CPU = Debug|Any CPU
		Release|Any CPU = Release|Any CPU
	EndGlobalSection
	GlobalSection(ProjectConfigurationPlatforms) = postSolution
		{E51D1A2E-5143-4811-A132-1E375A23A257}.Debug|Any CPU.ActiveCfg = Debug|Any CPU
		{E51D1A2E-5143-4811-A132-1E375A23A257}.Debug|Any CPU.Build.0 = Debug|Any CPU
		{E51D1A2E-5143-4811-A132-1E375A23A257}.Release|Any CPU.ActiveCfg = Release|Any CPU
		{E51D1A2E-5143-4811-A132-1E375A23A257}.Release|Any CPU.Build.0 = Release|Any CPU
		{ED0C1FD9-FF9F-4E2E-9E85-FE127B3C60DB}.Debug|Any CPU.ActiveCfg = Debug|Any CPU
		{ED0C1FD9-FF9F-4E2E-9E85-FE127B3C60DB}.Debug|Any CPU.Build.0 = Debug|Any CPU
		{ED0C1FD9-FF9F-4E2E-9E85-FE127B3C60DB}.Release|Any CPU.ActiveCfg = Release|Any CPU
		{ED0C1FD9-FF9F-4E2E-9E85-FE127B3C60DB}.Release|Any CPU.Build.0 = Release|Any CPU
		{EB12BAE7-EE30-463A-8AE2-69531763399B}.Debug|Any CPU.ActiveCfg = Debug|Any CPU
		{EB12BAE7-EE30-463A-8AE2-69531763399B}.Debug|Any CPU.Build.0 = Debug|Any CPU
		{EB12BAE7-EE30-463A-8AE2-69531763399B}.Release|Any CPU.ActiveCfg = Release|Any CPU
		{EB12BAE7-EE30-463A-8AE2-69531763399B}.Release|Any CPU.Build.0 = Release|Any CPU
		{CCAA108E-5168-4B5B-8165-F26358FE9110}.Debug|Any CPU.ActiveCfg = Debug|Any CPU
		{CCAA108E-5168-4B5B-8165-F26358FE9110}.Debug|Any CPU.Build.0 = Debug|Any CPU
		{CCAA108E-5168-4B5B-8165-F26358FE9110}.Release|Any CPU.ActiveCfg = Release|Any CPU
		{CCAA108E-5168-4B5B-8165-F26358FE9110}.Release|Any CPU.Build.0 = Release|Any CPU
		{0E596117-18FD-4B04-A70E-66C4E7D327AD}.Debug|Any CPU.ActiveCfg = Debug|Any CPU
		{0E596117-18FD-4B04-A70E-66C4E7D327AD}.Debug|Any CPU.Build.0 = Debug|Any CPU
		{0E596117-18FD-4B04-A70E-66C4E7D327AD}.Release|Any CPU.ActiveCfg = Release|Any CPU
		{0E596117-18FD-4B04-A70E-66C4E7D327AD}.Release|Any CPU.Build.0 = Release|Any CPU
		{1B7CD58E-FCD1-4E47-A6EC-ECFA4DE55DDF}.Debug|Any CPU.ActiveCfg = Debug|Any CPU
		{1B7CD58E-FCD1-4E47-A6EC-ECFA4DE55DDF}.Debug|Any CPU.Build.0 = Debug|Any CPU
		{1B7CD58E-FCD1-4E47-A6EC-ECFA4DE55DDF}.Release|Any CPU.ActiveCfg = Release|Any CPU
		{1B7CD58E-FCD1-4E47-A6EC-ECFA4DE55DDF}.Release|Any CPU.Build.0 = Release|Any CPU
		{B9B2D465-ECA4-4DFC-9762-51155285C509}.Debug|Any CPU.ActiveCfg = Debug|Any CPU
		{B9B2D465-ECA4-4DFC-9762-51155285C509}.Debug|Any CPU.Build.0 = Debug|Any CPU
		{B9B2D465-ECA4-4DFC-9762-51155285C509}.Release|Any CPU.ActiveCfg = Release|Any CPU
		{B9B2D465-ECA4-4DFC-9762-51155285C509}.Release|Any CPU.Build.0 = Release|Any CPU
		{998FD66E-0142-4416-BA3C-780D1D914941}.Debug|Any CPU.ActiveCfg = Debug|Any CPU
		{998FD66E-0142-4416-BA3C-780D1D914941}.Debug|Any CPU.Build.0 = Debug|Any CPU
		{998FD66E-0142-4416-BA3C-780D1D914941}.Release|Any CPU.ActiveCfg = Release|Any CPU
		{998FD66E-0142-4416-BA3C-780D1D914941}.Release|Any CPU.Build.0 = Release|Any CPU
		{99C5AFF9-73E7-46A3-BB29-E29279A98433}.Debug|Any CPU.ActiveCfg = Debug|Any CPU
		{99C5AFF9-73E7-46A3-BB29-E29279A98433}.Debug|Any CPU.Build.0 = Debug|Any CPU
		{99C5AFF9-73E7-46A3-BB29-E29279A98433}.Release|Any CPU.ActiveCfg = Release|Any CPU
		{99C5AFF9-73E7-46A3-BB29-E29279A98433}.Release|Any CPU.Build.0 = Release|Any CPU
		{41302562-8B7C-4258-A66E-1195A4384EE9}.Debug|Any CPU.ActiveCfg = Debug|Any CPU
		{41302562-8B7C-4258-A66E-1195A4384EE9}.Debug|Any CPU.Build.0 = Debug|Any CPU
		{41302562-8B7C-4258-A66E-1195A4384EE9}.Release|Any CPU.ActiveCfg = Release|Any CPU
		{41302562-8B7C-4258-A66E-1195A4384EE9}.Release|Any CPU.Build.0 = Release|Any CPU
		{18226DE4-A96B-44B4-91AC-35A8AC0A8ADC}.Debug|Any CPU.ActiveCfg = Debug|Any CPU
		{18226DE4-A96B-44B4-91AC-35A8AC0A8ADC}.Debug|Any CPU.Build.0 = Debug|Any CPU
		{18226DE4-A96B-44B4-91AC-35A8AC0A8ADC}.Release|Any CPU.ActiveCfg = Release|Any CPU
		{18226DE4-A96B-44B4-91AC-35A8AC0A8ADC}.Release|Any CPU.Build.0 = Release|Any CPU
		{5AC5D261-948C-4F9B-9DC2-E29FE0452336}.Debug|Any CPU.ActiveCfg = Debug|Any CPU
		{5AC5D261-948C-4F9B-9DC2-E29FE0452336}.Debug|Any CPU.Build.0 = Debug|Any CPU
		{5AC5D261-948C-4F9B-9DC2-E29FE0452336}.Release|Any CPU.ActiveCfg = Release|Any CPU
		{5AC5D261-948C-4F9B-9DC2-E29FE0452336}.Release|Any CPU.Build.0 = Release|Any CPU
		{568D4B16-E160-4979-B237-116821A088C8}.Debug|Any CPU.ActiveCfg = Debug|Any CPU
		{568D4B16-E160-4979-B237-116821A088C8}.Debug|Any CPU.Build.0 = Debug|Any CPU
		{568D4B16-E160-4979-B237-116821A088C8}.Release|Any CPU.ActiveCfg = Release|Any CPU
		{568D4B16-E160-4979-B237-116821A088C8}.Release|Any CPU.Build.0 = Release|Any CPU
		{9E084647-A6AD-4A8E-B7AD-8398C0FB1669}.Debug|Any CPU.ActiveCfg = Debug|Any CPU
		{9E084647-A6AD-4A8E-B7AD-8398C0FB1669}.Debug|Any CPU.Build.0 = Debug|Any CPU
		{9E084647-A6AD-4A8E-B7AD-8398C0FB1669}.Release|Any CPU.ActiveCfg = Release|Any CPU
		{9E084647-A6AD-4A8E-B7AD-8398C0FB1669}.Release|Any CPU.Build.0 = Release|Any CPU
	EndGlobalSection
EndGlobal
